
Microsoft Visual Studio Solution File, Format Version 12.00
# Visual Studio Version 17
VisualStudioVersion = 17.4.33213.308
MinimumVisualStudioVersion = 10.0.40219.1
Project("{9A19103F-16F7-4668-BE54-9A1E7A4F7556}") = "testprojui", "testproj\testproj\testprojui.csproj", "{45BF5519-521B-468E-8426-97D69223B84D}"
EndProject
Project("{9A19103F-16F7-4668-BE54-9A1E7A4F7556}") = "testprojapi", "testprojapi\testprojapi\testprojapi.csproj", "{2DCB05C0-0D28-4D18-84E2-05CAD5E35C9E}"
EndProject
Project("{9A19103F-16F7-4668-BE54-9A1E7A4F7556}") = "testprojapiDAL", "testprojapi\testprojapiDAL\testprojapiDAL.csproj", "{5C00D5CF-A27F-46CA-915C-0A58B933F29B}"
EndProject
Global
	GlobalSection(SolutionConfigurationPlatforms) = preSolution
		Debug|Any CPU = Debug|Any CPU
		Release|Any CPU = Release|Any CPU
	EndGlobalSection
	GlobalSection(ProjectConfigurationPlatforms) = postSolution
		{45BF5519-521B-468E-8426-97D69223B84D}.Debug|Any CPU.ActiveCfg = Debug|Any CPU
		{45BF5519-521B-468E-8426-97D69223B84D}.Debug|Any CPU.Build.0 = Debug|Any CPU
		{45BF5519-521B-468E-8426-97D69223B84D}.Release|Any CPU.ActiveCfg = Release|Any CPU
		{45BF5519-521B-468E-8426-97D69223B84D}.Release|Any CPU.Build.0 = Release|Any CPU
		{2DCB05C0-0D28-4D18-84E2-05CAD5E35C9E}.Debug|Any CPU.ActiveCfg = Debug|Any CPU
		{2DCB05C0-0D28-4D18-84E2-05CAD5E35C9E}.Debug|Any CPU.Build.0 = Debug|Any CPU
		{2DCB05C0-0D28-4D18-84E2-05CAD5E35C9E}.Release|Any CPU.ActiveCfg = Release|Any CPU
		{2DCB05C0-0D28-4D18-84E2-05CAD5E35C9E}.Release|Any CPU.Build.0 = Release|Any CPU
		{5C00D5CF-A27F-46CA-915C-0A58B933F29B}.Debug|Any CPU.ActiveCfg = Debug|Any CPU
		{5C00D5CF-A27F-46CA-915C-0A58B933F29B}.Debug|Any CPU.Build.0 = Debug|Any CPU
		{5C00D5CF-A27F-46CA-915C-0A58B933F29B}.Release|Any CPU.ActiveCfg = Release|Any CPU
		{5C00D5CF-A27F-46CA-915C-0A58B933F29B}.Release|Any CPU.Build.0 = Release|Any CPU
	EndGlobalSection
	GlobalSection(SolutionProperties) = preSolution
		HideSolutionNode = FALSE
	EndGlobalSection
	GlobalSection(ExtensibilityGlobals) = postSolution
		SolutionGuid = {CBCCF4C9-FCDD-4F33-8251-9033E0B22E24}
	EndGlobalSection
EndGlobal
